{
  "nodes": {
    "flake-utils": {
      "inputs": {
        "systems": "systems"
      },
      "locked": {
        "lastModified": 1694529238,
        "narHash": "sha256-zsNZZGTGnMOf9YpHKJqMSsa0dXbfmxeoJ7xHlrt+xmY=",
        "owner": "numtide",
        "repo": "flake-utils",
        "rev": "ff7b65b44d01cf9ba6a71320833626af21126384",
        "type": "github"
      },
      "original": {
        "owner": "numtide",
        "repo": "flake-utils",
        "type": "github"
      }
    },
    "nix-filter": {
      "locked": {
        "lastModified": 1694857738,
        "narHash": "sha256-bxxNyLHjhu0N8T3REINXQ2ZkJco0ABFPn6PIe2QUfqo=",
        "owner": "numtide",
        "repo": "nix-filter",
        "rev": "41fd48e00c22b4ced525af521ead8792402de0ea",
        "type": "github"
      },
      "original": {
        "owner": "numtide",
        "repo": "nix-filter",
        "type": "github"
      }
    },
    "nixpkgs": {
      "locked": {
        "lastModified": 1702346276,
        "narHash": "sha256-eAQgwIWApFQ40ipeOjVSoK4TEHVd6nbSd9fApiHIw5A=",
        "owner": "NixOS",
        "repo": "nixpkgs",
        "rev": "cf28ee258fd5f9a52de6b9865cdb93a1f96d09b7",
        "type": "github"
      },
      "original": {
        "id": "nixpkgs",
        "ref": "nixos-23.11",
        "type": "indirect"
      }
    },
    "root": {
      "inputs": {
        "flake-utils": "flake-utils",
        "nix-filter": "nix-filter",
        "nixpkgs": "nixpkgs",
        "ruby_gem_dev_shell": "ruby_gem_dev_shell"
      }
    },
    "ruby_gem_dev_shell": {
      "flake": false,
      "locked": {
        "lastModified": 1702579781,
        "narHash": "sha256-bfCDuftISKYXxvqEBr4Os6wxueajZwahVCFa/j9uHDY=",
        "owner": "jbernie2",
        "repo": "ruby_gem_dev_shell",
        "rev": "80e805b449b47ec61945cdd9ead0fa1fcb7504ed",
        "type": "github"
      },
      "original": {
        "owner": "jbernie2",
        "repo": "ruby_gem_dev_shell",
        "type": "github"
      }
    },
    "systems": {
      "locked": {
        "lastModified": 1681028828,
        "narHash": "sha256-Vy1rq5AaRuLzOxct8nz4T6wlgyUR7zLU309k9mBC768=",
        "owner": "nix-systems",
        "repo": "default",
        "rev": "da67096a3b9bf56a91d16901293e51ba5b49a27e",
        "type": "github"
      },
      "original": {
        "owner": "nix-systems",
        "repo": "default",
        "type": "github"
      }
    }
  },
  "root": "root",
  "version": 7
}
